// !$*UTF8*$!
{
	archiveVersion = 1;
	classes = {
	};
	objectVersion = 46;
	objects = {

/* Begin PBXBuildFile section */
		7CF3D65517CE32E40021036A /* UIKit.framework in Frameworks */ = {isa = PBXBuildFile; fileRef = 7CF3D65417CE32E40021036A /* UIKit.framework */; };
		7CF3D65717CE32E40021036A /* Foundation.framework in Frameworks */ = {isa = PBXBuildFile; fileRef = 7CF3D65617CE32E40021036A /* Foundation.framework */; };
		7CF3D65917CE32E40021036A /* CoreGraphics.framework in Frameworks */ = {isa = PBXBuildFile; fileRef = 7CF3D65817CE32E40021036A /* CoreGraphics.framework */; };
		7CF3D65F17CE32E40021036A /* InfoPlist.strings in Resources */ = {isa = PBXBuildFile; fileRef = 7CF3D65D17CE32E40021036A /* InfoPlist.strings */; };
		7CF3D66117CE32E40021036A /* main.m in Sources */ = {isa = PBXBuildFile; fileRef = 7CF3D66017CE32E40021036A /* main.m */; };
		7CF3D66517CE32E40021036A /* AppDelegate.m in Sources */ = {isa = PBXBuildFile; fileRef = 7CF3D66417CE32E40021036A /* AppDelegate.m */; };
		7CF3D66B17CE32E40021036A /* Default-568h@2x.png in Resources */ = {isa = PBXBuildFile; fileRef = 7CF3D66A17CE32E40021036A /* Default-568h@2x.png */; };
		7CF3D67617CE336E0021036A /* Localization.strings in Resources */ = {isa = PBXBuildFile; fileRef = 7CF3D67817CE336E0021036A /* Localization.strings */; };
		7CF3D67E17CE33E10021036A /* ViewPagerController.m in Sources */ = {isa = PBXBuildFile; fileRef = 7CF3D67D17CE33E10021036A /* ViewPagerController.m */; };
		7CF3D68117CE33EC0021036A /* HostViewController.m in Sources */ = {isa = PBXBuildFile; fileRef = 7CF3D68017CE33EC0021036A /* HostViewController.m */; };
		7CF3D68217CE35500021036A /* iPhone.storyboard in Resources */ = {isa = PBXBuildFile; fileRef = 7CF3D67117CE332F0021036A /* iPhone.storyboard */; };
		7CF3D68517CE3F5B0021036A /* ContentViewController.m in Sources */ = {isa = PBXBuildFile; fileRef = 7CF3D68417CE3F5B0021036A /* ContentViewController.m */; };
/* End PBXBuildFile section */

/* Begin PBXFileReference section */
		7CF3D65117CE32E40021036A /* ICViewPager.app */ = {isa = PBXFileReference; explicitFileType = wrapper.application; includeInIndex = 0; path = ICViewPager.app; sourceTree = BUILT_PRODUCTS_DIR; };
		7CF3D65417CE32E40021036A /* UIKit.framework */ = {isa = PBXFileReference; lastKnownFileType = wrapper.framework; name = UIKit.framework; path = System/Library/Frameworks/UIKit.framework; sourceTree = SDKROOT; };
		7CF3D65617CE32E40021036A /* Foundation.framework */ = {isa = PBXFileReference; lastKnownFileType = wrapper.framework; name = Foundation.framework; path = System/Library/Frameworks/Foundation.framework; sourceTree = SDKROOT; };
		7CF3D65817CE32E40021036A /* CoreGraphics.framework */ = {isa = PBXFileReference; lastKnownFileType = wrapper.framework; name = CoreGraphics.framework; path = System/Library/Frameworks/CoreGraphics.framework; sourceTree = SDKROOT; };
		7CF3D65C17CE32E40021036A /* ICViewPager-Info.plist */ = {isa = PBXFileReference; lastKnownFileType = text.plist.xml; path = "ICViewPager-Info.plist"; sourceTree = "<group>"; };
		7CF3D65E17CE32E40021036A /* en */ = {isa = PBXFileReference; lastKnownFileType = text.plist.strings; name = en; path = en.lproj/InfoPlist.strings; sourceTree = "<group>"; };
		7CF3D66017CE32E40021036A /* main.m */ = {isa = PBXFileReference; lastKnownFileType = sourcecode.c.objc; path = main.m; sourceTree = "<group>"; };
		7CF3D66217CE32E40021036A /* ICViewPager-Prefix.pch */ = {isa = PBXFileReference; lastKnownFileType = sourcecode.c.h; path = "ICViewPager-Prefix.pch"; sourceTree = "<group>"; };
		7CF3D66317CE32E40021036A /* AppDelegate.h */ = {isa = PBXFileReference; lastKnownFileType = sourcecode.c.h; path = AppDelegate.h; sourceTree = "<group>"; };
		7CF3D66417CE32E40021036A /* AppDelegate.m */ = {isa = PBXFileReference; lastKnownFileType = sourcecode.c.objc; path = AppDelegate.m; sourceTree = "<group>"; };
		7CF3D66A17CE32E40021036A /* Default-568h@2x.png */ = {isa = PBXFileReference; lastKnownFileType = image.png; path = "Default-568h@2x.png"; sourceTree = "<group>"; };
		7CF3D67117CE332F0021036A /* iPhone.storyboard */ = {isa = PBXFileReference; fileEncoding = 4; lastKnownFileType = file.storyboard; path = iPhone.storyboard; sourceTree = "<group>"; };
		7CF3D67317CE335B0021036A /* tr */ = {isa = PBXFileReference; lastKnownFileType = text.plist.strings; name = tr; path = tr.lproj/InfoPlist.strings; sourceTree = "<group>"; };
		7CF3D67717CE336E0021036A /* en */ = {isa = PBXFileReference; lastKnownFileType = file; name = en; path = en.lproj/Localization.strings; sourceTree = "<group>"; };
		7CF3D67917CE336F0021036A /* tr */ = {isa = PBXFileReference; lastKnownFileType = file; name = tr; path = tr.lproj/Localization.strings; sourceTree = "<group>"; };
		7CF3D67C17CE33E10021036A /* ViewPagerController.h */ = {isa = PBXFileReference; fileEncoding = 4; lastKnownFileType = sourcecode.c.h; path = ViewPagerController.h; sourceTree = "<group>"; };
		7CF3D67D17CE33E10021036A /* ViewPagerController.m */ = {isa = PBXFileReference; fileEncoding = 4; lastKnownFileType = sourcecode.c.objc; path = ViewPagerController.m; sourceTree = "<group>"; };
		7CF3D67F17CE33EC0021036A /* HostViewController.h */ = {isa = PBXFileReference; fileEncoding = 4; lastKnownFileType = sourcecode.c.h; path = HostViewController.h; sourceTree = "<group>"; };
		7CF3D68017CE33EC0021036A /* HostViewController.m */ = {isa = PBXFileReference; fileEncoding = 4; lastKnownFileType = sourcecode.c.objc; path = HostViewController.m; sourceTree = "<group>"; };
		7CF3D68317CE3F5B0021036A /* ContentViewController.h */ = {isa = PBXFileReference; fileEncoding = 4; lastKnownFileType = sourcecode.c.h; path = ContentViewController.h; sourceTree = "<group>"; };
		7CF3D68417CE3F5B0021036A /* ContentViewController.m */ = {isa = PBXFileReference; fileEncoding = 4; lastKnownFileType = sourcecode.c.objc; path = ContentViewController.m; sourceTree = "<group>"; };
/* End PBXFileReference section */

/* Begin PBXFrameworksBuildPhase section */
		7CF3D64E17CE32E40021036A /* Frameworks */ = {
			isa = PBXFrameworksBuildPhase;
			buildActionMask = 2147483647;
			files = (
				7CF3D65517CE32E40021036A /* UIKit.framework in Frameworks */,
				7CF3D65717CE32E40021036A /* Foundation.framework in Frameworks */,
				7CF3D65917CE32E40021036A /* CoreGraphics.framework in Frameworks */,
			);
			runOnlyForDeploymentPostprocessing = 0;
		};
/* End PBXFrameworksBuildPhase section */

/* Begin PBXGroup section */
		7CF3D64817CE32E40021036A = {
			isa = PBXGroup;
			children = (
				7CF3D65A17CE32E40021036A /* ICViewPager */,
				7CF3D65317CE32E40021036A /* Frameworks */,
				7CF3D65217CE32E40021036A /* Products */,
			);
			sourceTree = "<group>";
		};
		7CF3D65217CE32E40021036A /* Products */ = {
			isa = PBXGroup;
			children = (
				7CF3D65117CE32E40021036A /* ICViewPager.app */,
			);
			name = Products;
			sourceTree = "<group>";
		};
		7CF3D65317CE32E40021036A /* Frameworks */ = {
			isa = PBXGroup;
			children = (
				7CF3D65417CE32E40021036A /* UIKit.framework */,
				7CF3D65617CE32E40021036A /* Foundation.framework */,
				7CF3D65817CE32E40021036A /* CoreGraphics.framework */,
			);
			name = Frameworks;
			sourceTree = "<group>";
		};
		7CF3D65A17CE32E40021036A /* ICViewPager */ = {
			isa = PBXGroup;
			children = (
				7CF3D66317CE32E40021036A /* AppDelegate.h */,
				7CF3D66417CE32E40021036A /* AppDelegate.m */,
				7CF3D67117CE332F0021036A /* iPhone.storyboard */,
				7CF3D67B17CE33C80021036A /* ICViewPager */,
				7CF3D67A17CE33C80021036A /* Controller */,
				7CF3D65B17CE32E40021036A /* Supporting Files */,
			);
			path = ICViewPager;
			sourceTree = "<group>";
		};
		7CF3D65B17CE32E40021036A /* Supporting Files */ = {
			isa = PBXGroup;
			children = (
				7CF3D65C17CE32E40021036A /* ICViewPager-Info.plist */,
				7CF3D65D17CE32E40021036A /* InfoPlist.strings */,
				7CF3D66017CE32E40021036A /* main.m */,
				7CF3D66217CE32E40021036A /* ICViewPager-Prefix.pch */,
				7CF3D66A17CE32E40021036A /* Default-568h@2x.png */,
				7CF3D67817CE336E0021036A /* Localization.strings */,
			);
			name = "Supporting Files";
			sourceTree = "<group>";
		};
		7CF3D67A17CE33C80021036A /* Controller */ = {
			isa = PBXGroup;
			children = (
				7CF3D67F17CE33EC0021036A /* HostViewController.h */,
				7CF3D68017CE33EC0021036A /* HostViewController.m */,
				7CF3D68317CE3F5B0021036A /* ContentViewController.h */,
				7CF3D68417CE3F5B0021036A /* ContentViewController.m */,
			);
			path = Controller;
			sourceTree = "<group>";
		};
		7CF3D67B17CE33C80021036A /* ICViewPager */ = {
			isa = PBXGroup;
			children = (
				7CF3D67C17CE33E10021036A /* ViewPagerController.h */,
				7CF3D67D17CE33E10021036A /* ViewPagerController.m */,
			);
			path = ICViewPager;
			sourceTree = "<group>";
		};
/* End PBXGroup section */

/* Begin PBXNativeTarget section */
		7CF3D65017CE32E40021036A /* ICViewPager */ = {
			isa = PBXNativeTarget;
			buildConfigurationList = 7CF3D66E17CE32E40021036A /* Build configuration list for PBXNativeTarget "ICViewPager" */;
			buildPhases = (
				7CF3D64D17CE32E40021036A /* Sources */,
				7CF3D64E17CE32E40021036A /* Frameworks */,
				7CF3D64F17CE32E40021036A /* Resources */,
			);
			buildRules = (
			);
			dependencies = (
			);
			name = ICViewPager;
			productName = ICViewPager;
			productReference = 7CF3D65117CE32E40021036A /* ICViewPager.app */;
			productType = "com.apple.product-type.application";
		};
/* End PBXNativeTarget section */

/* Begin PBXProject section */
		7CF3D64917CE32E40021036A /* Project object */ = {
			isa = PBXProject;
			attributes = {
				LastUpgradeCheck = 0460;
				ORGANIZATIONNAME = "Ilter Cengiz";
			};
			buildConfigurationList = 7CF3D64C17CE32E40021036A /* Build configuration list for PBXProject "ICViewPager" */;
			compatibilityVersion = "Xcode 3.2";
			developmentRegion = English;
			hasScannedForEncodings = 0;
			knownRegions = (
				en,
				tr,
			);
			mainGroup = 7CF3D64817CE32E40021036A;
			productRefGroup = 7CF3D65217CE32E40021036A /* Products */;
			projectDirPath = "";
			projectRoot = "";
			targets = (
				7CF3D65017CE32E40021036A /* ICViewPager */,
			);
		};
/* End PBXProject section */

/* Begin PBXResourcesBuildPhase section */
		7CF3D64F17CE32E40021036A /* Resources */ = {
			isa = PBXResourcesBuildPhase;
			buildActionMask = 2147483647;
			files = (
				7CF3D65F17CE32E40021036A /* InfoPlist.strings in Resources */,
				7CF3D66B17CE32E40021036A /* Default-568h@2x.png in Resources */,
				7CF3D68217CE35500021036A /* iPhone.storyboard in Resources */,
				7CF3D67617CE336E0021036A /* Localization.strings in Resources */,
			);
			runOnlyForDeploymentPostprocessing = 0;
		};
/* End PBXResourcesBuildPhase section */

/* Begin PBXSourcesBuildPhase section */
		7CF3D64D17CE32E40021036A /* Sources */ = {
			isa = PBXSourcesBuildPhase;
			buildActionMask = 2147483647;
			files = (
				7CF3D66117CE32E40021036A /* main.m in Sources */,
				7CF3D66517CE32E40021036A /* AppDelegate.m in Sources */,
				7CF3D67E17CE33E10021036A /* ViewPagerController.m in Sources */,
				7CF3D68117CE33EC0021036A /* HostViewController.m in Sources */,
				7CF3D68517CE3F5B0021036A /* ContentViewController.m in Sources */,
			);
			runOnlyForDeploymentPostprocessing = 0;
		};
/* End PBXSourcesBuildPhase section */

/* Begin PBXVariantGroup section */
		7CF3D65D17CE32E40021036A /* InfoPlist.strings */ = {
			isa = PBXVariantGroup;
			children = (
				7CF3D65E17CE32E40021036A /* en */,
				7CF3D67317CE335B0021036A /* tr */,
			);
			name = InfoPlist.strings;
			sourceTree = "<group>";
		};
		7CF3D67817CE336E0021036A /* Localization.strings */ = {
			isa = PBXVariantGroup;
			children = (
				7CF3D67717CE336E0021036A /* en */,
				7CF3D67917CE336F0021036A /* tr */,
			);
			name = Localization.strings;
			sourceTree = "<group>";
		};
/* End PBXVariantGroup section */

/* Begin XCBuildConfiguration section */
		7CF3D66C17CE32E40021036A /* Debug */ = {
			isa = XCBuildConfiguration;
			buildSettings = {
				ALWAYS_SEARCH_USER_PATHS = NO;
				CLANG_CXX_LANGUAGE_STANDARD = "gnu++0x";
				CLANG_CXX_LIBRARY = "libc++";
				CLANG_ENABLE_OBJC_ARC = YES;
				CLANG_WARN_CONSTANT_CONVERSION = YES;
				CLANG_WARN_EMPTY_BODY = YES;
				CLANG_WARN_ENUM_CONVERSION = YES;
				CLANG_WARN_INT_CONVERSION = YES;
				CLANG_WARN__DUPLICATE_METHOD_MATCH = YES;
				"CODE_SIGN_IDENTITY[sdk=iphoneos*]" = "iPhone Developer";
				COPY_PHASE_STRIP = NO;
				GCC_C_LANGUAGE_STANDARD = gnu99;
				GCC_DYNAMIC_NO_PIC = NO;
				GCC_OPTIMIZATION_LEVEL = 0;
				GCC_PREPROCESSOR_DEFINITIONS = (
					"DEBUG=1",
					"$(inherited)",
				);
				GCC_SYMBOLS_PRIVATE_EXTERN = NO;
				GCC_WARN_ABOUT_RETURN_TYPE = YES;
				GCC_WARN_UNINITIALIZED_AUTOS = YES;
				GCC_WARN_UNUSED_VARIABLE = YES;
				IPHONEOS_DEPLOYMENT_TARGET = 6.1;
				ONLY_ACTIVE_ARCH = YES;
				SDKROOT = iphoneos;
				TARGETED_DEVICE_FAMILY = "1,2";
			};
			name = Debug;
		};
		7CF3D66D17CE32E40021036A /* Release */ = {
			isa = XCBuildConfiguration;
			buildSettings = {
				ALWAYS_SEARCH_USER_PATHS = NO;
				CLANG_CXX_LANGUAGE_STANDARD = "gnu++0x";
				CLANG_CXX_LIBRARY = "libc++";
				CLANG_ENABLE_OBJC_ARC = YES;
				CLANG_WARN_CONSTANT_CONVERSION = YES;
				CLANG_WARN_EMPTY_BODY = YES;
				CLANG_WARN_ENUM_CONVERSION = YES;
				CLANG_WARN_INT_CONVERSION = YES;
				CLANG_WARN__DUPLICATE_METHOD_MATCH = YES;
				"CODE_SIGN_IDENTITY[sdk=iphoneos*]" = "iPhone Developer";
				COPY_PHASE_STRIP = YES;
				GCC_C_LANGUAGE_STANDARD = gnu99;
				GCC_WARN_ABOUT_RETURN_TYPE = YES;
				GCC_WARN_UNINITIALIZED_AUTOS = YES;
				GCC_WARN_UNUSED_VARIABLE = YES;
				IPHONEOS_DEPLOYMENT_TARGET = 6.1;
				OTHER_CFLAGS = "-DNS_BLOCK_ASSERTIONS=1";
				SDKROOT = iphoneos;
				TARGETED_DEVICE_FAMILY = "1,2";
				VALIDATE_PRODUCT = YES;
			};
			name = Release;
		};
		7CF3D66F17CE32E40021036A /* Debug */ = {
			isa = XCBuildConfiguration;
			buildSettings = {
				GCC_PRECOMPILE_PREFIX_HEADER = YES;
				GCC_PREFIX_HEADER = "ICViewPager/ICViewPager-Prefix.pch";
				INFOPLIST_FILE = "ICViewPager/ICViewPager-Info.plist";
				PRODUCT_NAME = "$(TARGET_NAME)";
				WRAPPER_EXTENSION = app;
			};
			name = Debug;
		};
		7CF3D67017CE32E40021036A /* Release */ = {
			isa = XCBuildConfiguration;
			buildSettings = {
				GCC_PRECOMPILE_PREFIX_HEADER = YES;
				GCC_PREFIX_HEADER = "ICViewPager/ICViewPager-Prefix.pch";
				INFOPLIST_FILE = "ICViewPager/ICViewPager-Info.plist";
				PRODUCT_NAME = "$(TARGET_NAME)";
				WRAPPER_EXTENSION = app;
			};
			name = Release;
		};
/* End XCBuildConfiguration section */

/* Begin XCConfigurationList section */
		7CF3D64C17CE32E40021036A /* Build configuration list for PBXProject "ICViewPager" */ = {
			isa = XCConfigurationList;
			buildConfigurations = (
				7CF3D66C17CE32E40021036A /* Debug */,
				7CF3D66D17CE32E40021036A /* Release */,
			);
			defaultConfigurationIsVisible = 0;
			defaultConfigurationName = Release;
		};
		7CF3D66E17CE32E40021036A /* Build configuration list for PBXNativeTarget "ICViewPager" */ = {
			isa = XCConfigurationList;
			buildConfigurations = (
				7CF3D66F17CE32E40021036A /* Debug */,
				7CF3D67017CE32E40021036A /* Release */,
			);
			defaultConfigurationIsVisible = 0;
		};
/* End XCConfigurationList section */
	};
	rootObject = 7CF3D64917CE32E40021036A /* Project object */;
}
